
Microsoft Visual Studio Solution File, Format Version 12.00
# Visual Studio Version 16
VisualStudioVersion = 16.0.30406.217
MinimumVisualStudioVersion = 10.0.40219.1
Project("{FAE04EC0-301F-11D3-BF4B-00C04F79EFBC}") = "VILA2.0", "VILA2.0\VILA2.0.csproj", "{31D34D85-47F7-4FFB-97A9-C1B4DEE80283}"
EndProject
Global
	GlobalSection(SolutionConfigurationPlatforms) = preSolution
		Debug|Any CPU = Debug|Any CPU
		Release|Any CPU = Release|Any CPU
	EndGlobalSection
	GlobalSection(ProjectConfigurationPlatforms) = postSolution
		{31D34D85-47F7-4FFB-97A9-C1B4DEE80283}.Debug|Any CPU.ActiveCfg = Debug|Any CPU
		{31D34D85-47F7-4FFB-97A9-C1B4DEE80283}.Debug|Any CPU.Build.0 = Debug|Any CPU
		{31D34D85-47F7-4FFB-97A9-C1B4DEE80283}.Release|Any CPU.ActiveCfg = Release|Any CPU
		{31D34D85-47F7-4FFB-97A9-C1B4DEE80283}.Release|Any CPU.Build.0 = Release|Any CPU
	EndGlobalSection
	GlobalSection(SolutionProperties) = preSolution
		HideSolutionNode = FALSE
	EndGlobalSection
	GlobalSection(ExtensibilityGlobals) = postSolution
		SolutionGuid = {11C9E799-BF4C-45A2-A157-69C8C826E357}
	EndGlobalSection
EndGlobal
